
Microsoft Visual Studio Solution File, Format Version 12.00
# Visual Studio Version 16
VisualStudioVersion = 16.0.30225.117
MinimumVisualStudioVersion = 10.0.40219.1
Project("{F184B08F-C81C-45F6-A57F-5ABD9991F28F}") = "TiendaClaseIIIParcial", "TiendaClaseIIIParcial\TiendaClaseIIIParcial.vbproj", "{B470F101-8670-45BC-8DC6-83E6D62ED1EE}"
EndProject
Global
	GlobalSection(SolutionConfigurationPlatforms) = preSolution
		Debug|Any CPU = Debug|Any CPU
		Release|Any CPU = Release|Any CPU
	EndGlobalSection
	GlobalSection(ProjectConfigurationPlatforms) = postSolution
		{B470F101-8670-45BC-8DC6-83E6D62ED1EE}.Debug|Any CPU.ActiveCfg = Debug|Any CPU
		{B470F101-8670-45BC-8DC6-83E6D62ED1EE}.Debug|Any CPU.Build.0 = Debug|Any CPU
		{B470F101-8670-45BC-8DC6-83E6D62ED1EE}.Release|Any CPU.ActiveCfg = Release|Any CPU
		{B470F101-8670-45BC-8DC6-83E6D62ED1EE}.Release|Any CPU.Build.0 = Release|Any CPU
	EndGlobalSection
	GlobalSection(SolutionProperties) = preSolution
		HideSolutionNode = FALSE
	EndGlobalSection
	GlobalSection(ExtensibilityGlobals) = postSolution
		SolutionGuid = {7AC127D6-342D-4B8D-8A2C-EECA63DECCEF}
	EndGlobalSection
EndGlobal
